// !$*UTF8*$!
{
	archiveVersion = 1;
	classes = {
	};
	objectVersion = 50;
	objects = {

/* Begin PBXBuildFile section */
		424DB49D216940E1004EA1FE /* ThumbnailHeaderImageView.swift in Sources */ = {isa = PBXBuildFile; fileRef = 424DB49C216940E1004EA1FE /* ThumbnailHeaderImageView.swift */; };
		42A3F98C21673A1B00CBECC1 /* AppDelegate.swift in Sources */ = {isa = PBXBuildFile; fileRef = 42A3F98B21673A1B00CBECC1 /* AppDelegate.swift */; };
		42A3F98E21673A1B00CBECC1 /* ViewController.swift in Sources */ = {isa = PBXBuildFile; fileRef = 42A3F98D21673A1B00CBECC1 /* ViewController.swift */; };
		42A3F99321673A1D00CBECC1 /* Assets.xcassets in Resources */ = {isa = PBXBuildFile; fileRef = 42A3F99221673A1D00CBECC1 /* Assets.xcassets */; };
		42A3F99621673A1D00CBECC1 /* LaunchScreen.storyboard in Resources */ = {isa = PBXBuildFile; fileRef = 42A3F99421673A1D00CBECC1 /* LaunchScreen.storyboard */; };
		42A3F9A121673A1D00CBECC1 /* ThumbnailNavigationBarTests.swift in Sources */ = {isa = PBXBuildFile; fileRef = 42A3F9A021673A1D00CBECC1 /* ThumbnailNavigationBarTests.swift */; };
		42A3F9AC21673A1D00CBECC1 /* ThumbnailNavigationBarUITests.swift in Sources */ = {isa = PBXBuildFile; fileRef = 42A3F9AB21673A1D00CBECC1 /* ThumbnailNavigationBarUITests.swift */; };
		42A3F9BA21673AC900CBECC1 /* ThumbnailNavigationBar.swift in Sources */ = {isa = PBXBuildFile; fileRef = 42A3F9B921673AC900CBECC1 /* ThumbnailNavigationBar.swift */; };
/* End PBXBuildFile section */

/* Begin PBXContainerItemProxy section */
		42A3F99D21673A1D00CBECC1 /* PBXContainerItemProxy */ = {
			isa = PBXContainerItemProxy;
			containerPortal = 42A3F98021673A1B00CBECC1 /* Project object */;
			proxyType = 1;
			remoteGlobalIDString = 42A3F98721673A1B00CBECC1;
			remoteInfo = ThumbnailNavigationBar;
		};
		42A3F9A821673A1D00CBECC1 /* PBXContainerItemProxy */ = {
			isa = PBXContainerItemProxy;
			containerPortal = 42A3F98021673A1B00CBECC1 /* Project object */;
			proxyType = 1;
			remoteGlobalIDString = 42A3F98721673A1B00CBECC1;
			remoteInfo = ThumbnailNavigationBar;
		};
/* End PBXContainerItemProxy section */

/* Begin PBXFileReference section */
		424DB49C216940E1004EA1FE /* ThumbnailHeaderImageView.swift */ = {isa = PBXFileReference; lastKnownFileType = sourcecode.swift; path = ThumbnailHeaderImageView.swift; sourceTree = "<group>"; };
		42A3F98821673A1B00CBECC1 /* ThumbnailNavigationBar.app */ = {isa = PBXFileReference; explicitFileType = wrapper.application; includeInIndex = 0; path = ThumbnailNavigationBar.app; sourceTree = BUILT_PRODUCTS_DIR; };
		42A3F98B21673A1B00CBECC1 /* AppDelegate.swift */ = {isa = PBXFileReference; lastKnownFileType = sourcecode.swift; path = AppDelegate.swift; sourceTree = "<group>"; };
		42A3F98D21673A1B00CBECC1 /* ViewController.swift */ = {isa = PBXFileReference; lastKnownFileType = sourcecode.swift; path = ViewController.swift; sourceTree = "<group>"; };
		42A3F99221673A1D00CBECC1 /* Assets.xcassets */ = {isa = PBXFileReference; lastKnownFileType = folder.assetcatalog; path = Assets.xcassets; sourceTree = "<group>"; };
		42A3F99521673A1D00CBECC1 /* Base */ = {isa = PBXFileReference; lastKnownFileType = file.storyboard; name = Base; path = Base.lproj/LaunchScreen.storyboard; sourceTree = "<group>"; };
		42A3F99721673A1D00CBECC1 /* Info.plist */ = {isa = PBXFileReference; lastKnownFileType = text.plist.xml; path = Info.plist; sourceTree = "<group>"; };
		42A3F99C21673A1D00CBECC1 /* ThumbnailNavigationBarTests.xctest */ = {isa = PBXFileReference; explicitFileType = wrapper.cfbundle; includeInIndex = 0; path = ThumbnailNavigationBarTests.xctest; sourceTree = BUILT_PRODUCTS_DIR; };
		42A3F9A021673A1D00CBECC1 /* ThumbnailNavigationBarTests.swift */ = {isa = PBXFileReference; lastKnownFileType = sourcecode.swift; path = ThumbnailNavigationBarTests.swift; sourceTree = "<group>"; };
		42A3F9A221673A1D00CBECC1 /* Info.plist */ = {isa = PBXFileReference; lastKnownFileType = text.plist.xml; path = Info.plist; sourceTree = "<group>"; };
		42A3F9A721673A1D00CBECC1 /* ThumbnailNavigationBarUITests.xctest */ = {isa = PBXFileReference; explicitFileType = wrapper.cfbundle; includeInIndex = 0; path = ThumbnailNavigationBarUITests.xctest; sourceTree = BUILT_PRODUCTS_DIR; };
		42A3F9AB21673A1D00CBECC1 /* ThumbnailNavigationBarUITests.swift */ = {isa = PBXFileReference; lastKnownFileType = sourcecode.swift; path = ThumbnailNavigationBarUITests.swift; sourceTree = "<group>"; };
		42A3F9AD21673A1D00CBECC1 /* Info.plist */ = {isa = PBXFileReference; lastKnownFileType = text.plist.xml; path = Info.plist; sourceTree = "<group>"; };
		42A3F9B921673AC900CBECC1 /* ThumbnailNavigationBar.swift */ = {isa = PBXFileReference; lastKnownFileType = sourcecode.swift; path = ThumbnailNavigationBar.swift; sourceTree = "<group>"; };
/* End PBXFileReference section */

/* Begin PBXFrameworksBuildPhase section */
		42A3F98521673A1B00CBECC1 /* Frameworks */ = {
			isa = PBXFrameworksBuildPhase;
			buildActionMask = 2147483647;
			files = (
			);
			runOnlyForDeploymentPostprocessing = 0;
		};
		42A3F99921673A1D00CBECC1 /* Frameworks */ = {
			isa = PBXFrameworksBuildPhase;
			buildActionMask = 2147483647;
			files = (
			);
			runOnlyForDeploymentPostprocessing = 0;
		};
		42A3F9A421673A1D00CBECC1 /* Frameworks */ = {
			isa = PBXFrameworksBuildPhase;
			buildActionMask = 2147483647;
			files = (
			);
			runOnlyForDeploymentPostprocessing = 0;
		};
/* End PBXFrameworksBuildPhase section */

/* Begin PBXGroup section */
		42A3F97F21673A1B00CBECC1 = {
			isa = PBXGroup;
			children = (
				42A3F98A21673A1B00CBECC1 /* ThumbnailNavigationBar */,
				42A3F99F21673A1D00CBECC1 /* ThumbnailNavigationBarTests */,
				42A3F9AA21673A1D00CBECC1 /* ThumbnailNavigationBarUITests */,
				42A3F98921673A1B00CBECC1 /* Products */,
			);
			sourceTree = "<group>";
		};
		42A3F98921673A1B00CBECC1 /* Products */ = {
			isa = PBXGroup;
			children = (
				42A3F98821673A1B00CBECC1 /* ThumbnailNavigationBar.app */,
				42A3F99C21673A1D00CBECC1 /* ThumbnailNavigationBarTests.xctest */,
				42A3F9A721673A1D00CBECC1 /* ThumbnailNavigationBarUITests.xctest */,
			);
			name = Products;
			sourceTree = "<group>";
		};
		42A3F98A21673A1B00CBECC1 /* ThumbnailNavigationBar */ = {
			isa = PBXGroup;
			children = (
				42A3F98B21673A1B00CBECC1 /* AppDelegate.swift */,
				42A3F98D21673A1B00CBECC1 /* ViewController.swift */,
				42A3F9B921673AC900CBECC1 /* ThumbnailNavigationBar.swift */,
				424DB49C216940E1004EA1FE /* ThumbnailHeaderImageView.swift */,
				42A3F99221673A1D00CBECC1 /* Assets.xcassets */,
				42A3F99421673A1D00CBECC1 /* LaunchScreen.storyboard */,
				42A3F99721673A1D00CBECC1 /* Info.plist */,
			);
			path = ThumbnailNavigationBar;
			sourceTree = "<group>";
		};
		42A3F99F21673A1D00CBECC1 /* ThumbnailNavigationBarTests */ = {
			isa = PBXGroup;
			children = (
				42A3F9A021673A1D00CBECC1 /* ThumbnailNavigationBarTests.swift */,
				42A3F9A221673A1D00CBECC1 /* Info.plist */,
			);
			path = ThumbnailNavigationBarTests;
			sourceTree = "<group>";
		};
		42A3F9AA21673A1D00CBECC1 /* ThumbnailNavigationBarUITests */ = {
			isa = PBXGroup;
			children = (
				42A3F9AB21673A1D00CBECC1 /* ThumbnailNavigationBarUITests.swift */,
				42A3F9AD21673A1D00CBECC1 /* Info.plist */,
			);
			path = ThumbnailNavigationBarUITests;
			sourceTree = "<group>";
		};
/* End PBXGroup section */

/* Begin PBXNativeTarget section */
		42A3F98721673A1B00CBECC1 /* ThumbnailNavigationBar */ = {
			isa = PBXNativeTarget;
			buildConfigurationList = 42A3F9B021673A1D00CBECC1 /* Build configuration list for PBXNativeTarget "ThumbnailNavigationBar" */;
			buildPhases = (
				42A3F98421673A1B00CBECC1 /* Sources */,
				42A3F98521673A1B00CBECC1 /* Frameworks */,
				42A3F98621673A1B00CBECC1 /* Resources */,
			);
			buildRules = (
			);
			dependencies = (
			);
			name = ThumbnailNavigationBar;
			productName = ThumbnailNavigationBar;
			productReference = 42A3F98821673A1B00CBECC1 /* ThumbnailNavigationBar.app */;
			productType = "com.apple.product-type.application";
		};
		42A3F99B21673A1D00CBECC1 /* ThumbnailNavigationBarTests */ = {
			isa = PBXNativeTarget;
			buildConfigurationList = 42A3F9B321673A1D00CBECC1 /* Build configuration list for PBXNativeTarget "ThumbnailNavigationBarTests" */;
			buildPhases = (
				42A3F99821673A1D00CBECC1 /* Sources */,
				42A3F99921673A1D00CBECC1 /* Frameworks */,
				42A3F99A21673A1D00CBECC1 /* Resources */,
			);
			buildRules = (
			);
			dependencies = (
				42A3F99E21673A1D00CBECC1 /* PBXTargetDependency */,
			);
			name = ThumbnailNavigationBarTests;
			productName = ThumbnailNavigationBarTests;
			productReference = 42A3F99C21673A1D00CBECC1 /* ThumbnailNavigationBarTests.xctest */;
			productType = "com.apple.product-type.bundle.unit-test";
		};
		42A3F9A621673A1D00CBECC1 /* ThumbnailNavigationBarUITests */ = {
			isa = PBXNativeTarget;
			buildConfigurationList = 42A3F9B621673A1D00CBECC1 /* Build configuration list for PBXNativeTarget "ThumbnailNavigationBarUITests" */;
			buildPhases = (
				42A3F9A321673A1D00CBECC1 /* Sources */,
				42A3F9A421673A1D00CBECC1 /* Frameworks */,
				42A3F9A521673A1D00CBECC1 /* Resources */,
			);
			buildRules = (
			);
			dependencies = (
				42A3F9A921673A1D00CBECC1 /* PBXTargetDependency */,
			);
			name = ThumbnailNavigationBarUITests;
			productName = ThumbnailNavigationBarUITests;
			productReference = 42A3F9A721673A1D00CBECC1 /* ThumbnailNavigationBarUITests.xctest */;
			productType = "com.apple.product-type.bundle.ui-testing";
		};
/* End PBXNativeTarget section */

/* Begin PBXProject section */
		42A3F98021673A1B00CBECC1 /* Project object */ = {
			isa = PBXProject;
			attributes = {
				LastSwiftUpdateCheck = 1000;
				LastUpgradeCheck = 1000;
				ORGANIZATIONNAME = "Robin Malhotra";
				TargetAttributes = {
					42A3F98721673A1B00CBECC1 = {
						CreatedOnToolsVersion = 10.0;
					};
					42A3F99B21673A1D00CBECC1 = {
						CreatedOnToolsVersion = 10.0;
						TestTargetID = 42A3F98721673A1B00CBECC1;
					};
					42A3F9A621673A1D00CBECC1 = {
						CreatedOnToolsVersion = 10.0;
						TestTargetID = 42A3F98721673A1B00CBECC1;
					};
				};
			};
			buildConfigurationList = 42A3F98321673A1B00CBECC1 /* Build configuration list for PBXProject "ThumbnailNavigationBar" */;
			compatibilityVersion = "Xcode 9.3";
			developmentRegion = en;
			hasScannedForEncodings = 0;
			knownRegions = (
				en,
				Base,
			);
			mainGroup = 42A3F97F21673A1B00CBECC1;
			productRefGroup = 42A3F98921673A1B00CBECC1 /* Products */;
			projectDirPath = "";
			projectRoot = "";
			targets = (
				42A3F98721673A1B00CBECC1 /* ThumbnailNavigationBar */,
				42A3F99B21673A1D00CBECC1 /* ThumbnailNavigationBarTests */,
				42A3F9A621673A1D00CBECC1 /* ThumbnailNavigationBarUITests */,
			);
		};
/* End PBXProject section */

/* Begin PBXResourcesBuildPhase section */
		42A3F98621673A1B00CBECC1 /* Resources */ = {
			isa = PBXResourcesBuildPhase;
			buildActionMask = 2147483647;
			files = (
				42A3F99621673A1D00CBECC1 /* LaunchScreen.storyboard in Resources */,
				42A3F99321673A1D00CBECC1 /* Assets.xcassets in Resources */,
			);
			runOnlyForDeploymentPostprocessing = 0;
		};
		42A3F99A21673A1D00CBECC1 /* Resources */ = {
			isa = PBXResourcesBuildPhase;
			buildActionMask = 2147483647;
			files = (
			);
			runOnlyForDeploymentPostprocessing = 0;
		};
		42A3F9A521673A1D00CBECC1 /* Resources */ = {
			isa = PBXResourcesBuildPhase;
			buildActionMask = 2147483647;
			files = (
			);
			runOnlyForDeploymentPostprocessing = 0;
		};
/* End PBXResourcesBuildPhase section */

/* Begin PBXSourcesBuildPhase section */
		42A3F98421673A1B00CBECC1 /* Sources */ = {
			isa = PBXSourcesBuildPhase;
			buildActionMask = 2147483647;
			files = (
				424DB49D216940E1004EA1FE /* ThumbnailHeaderImageView.swift in Sources */,
				42A3F9BA21673AC900CBECC1 /* ThumbnailNavigationBar.swift in Sources */,
				42A3F98E21673A1B00CBECC1 /* ViewController.swift in Sources */,
				42A3F98C21673A1B00CBECC1 /* AppDelegate.swift in Sources */,
			);
			runOnlyForDeploymentPostprocessing = 0;
		};
		42A3F99821673A1D00CBECC1 /* Sources */ = {
			isa = PBXSourcesBuildPhase;
			buildActionMask = 2147483647;
			files = (
				42A3F9A121673A1D00CBECC1 /* ThumbnailNavigationBarTests.swift in Sources */,
			);
			runOnlyForDeploymentPostprocessing = 0;
		};
		42A3F9A321673A1D00CBECC1 /* Sources */ = {
			isa = PBXSourcesBuildPhase;
			buildActionMask = 2147483647;
			files = (
				42A3F9AC21673A1D00CBECC1 /* ThumbnailNavigationBarUITests.swift in Sources */,
			);
			runOnlyForDeploymentPostprocessing = 0;
		};
/* End PBXSourcesBuildPhase section */

/* Begin PBXTargetDependency section */
		42A3F99E21673A1D00CBECC1 /* PBXTargetDependency */ = {
			isa = PBXTargetDependency;
			target = 42A3F98721673A1B00CBECC1 /* ThumbnailNavigationBar */;
			targetProxy = 42A3F99D21673A1D00CBECC1 /* PBXContainerItemProxy */;
		};
		42A3F9A921673A1D00CBECC1 /* PBXTargetDependency */ = {
			isa = PBXTargetDependency;
			target = 42A3F98721673A1B00CBECC1 /* ThumbnailNavigationBar */;
			targetProxy = 42A3F9A821673A1D00CBECC1 /* PBXContainerItemProxy */;
		};
/* End PBXTargetDependency section */

/* Begin PBXVariantGroup section */
		42A3F99421673A1D00CBECC1 /* LaunchScreen.storyboard */ = {
			isa = PBXVariantGroup;
			children = (
				42A3F99521673A1D00CBECC1 /* Base */,
			);
			name = LaunchScreen.storyboard;
			sourceTree = "<group>";
		};
/* End PBXVariantGroup section */

/* Begin XCBuildConfiguration section */
		42A3F9AE21673A1D00CBECC1 /* Debug */ = {
			isa = XCBuildConfiguration;
			buildSettings = {
				ALWAYS_SEARCH_USER_PATHS = NO;
				CLANG_ANALYZER_NONNULL = YES;
				CLANG_ANALYZER_NUMBER_OBJECT_CONVERSION = YES_AGGRESSIVE;
				CLANG_CXX_LANGUAGE_STANDARD = "gnu++14";
				CLANG_CXX_LIBRARY = "libc++";
				CLANG_ENABLE_MODULES = YES;
				CLANG_ENABLE_OBJC_ARC = YES;
				CLANG_ENABLE_OBJC_WEAK = YES;
				CLANG_WARN_BLOCK_CAPTURE_AUTORELEASING = YES;
				CLANG_WARN_BOOL_CONVERSION = YES;
				CLANG_WARN_COMMA = YES;
				CLANG_WARN_CONSTANT_CONVERSION = YES;
				CLANG_WARN_DEPRECATED_OBJC_IMPLEMENTATIONS = YES;
				CLANG_WARN_DIRECT_OBJC_ISA_USAGE = YES_ERROR;
				CLANG_WARN_DOCUMENTATION_COMMENTS = YES;
				CLANG_WARN_EMPTY_BODY = YES;
				CLANG_WARN_ENUM_CONVERSION = YES;
				CLANG_WARN_INFINITE_RECURSION = YES;
				CLANG_WARN_INT_CONVERSION = YES;
				CLANG_WARN_NON_LITERAL_NULL_CONVERSION = YES;
				CLANG_WARN_OBJC_IMPLICIT_RETAIN_SELF = YES;
				CLANG_WARN_OBJC_LITERAL_CONVERSION = YES;
				CLANG_WARN_OBJC_ROOT_CLASS = YES_ERROR;
				CLANG_WARN_RANGE_LOOP_ANALYSIS = YES;
				CLANG_WARN_STRICT_PROTOTYPES = YES;
				CLANG_WARN_SUSPICIOUS_MOVE = YES;
				CLANG_WARN_UNGUARDED_AVAILABILITY = YES_AGGRESSIVE;
				CLANG_WARN_UNREACHABLE_CODE = YES;
				CLANG_WARN__DUPLICATE_METHOD_MATCH = YES;
				CODE_SIGN_IDENTITY = "iPhone Developer";
				COPY_PHASE_STRIP = NO;
				DEBUG_INFORMATION_FORMAT = dwarf;
				ENABLE_STRICT_OBJC_MSGSEND = YES;
				ENABLE_TESTABILITY = YES;
				GCC_C_LANGUAGE_STANDARD = gnu11;
				GCC_DYNAMIC_NO_PIC = NO;
				GCC_NO_COMMON_BLOCKS = YES;
				GCC_OPTIMIZATION_LEVEL = 0;
				GCC_PREPROCESSOR_DEFINITIONS = (
					"DEBUG=1",
					"$(inherited)",
				);
				GCC_WARN_64_TO_32_BIT_CONVERSION = YES;
				GCC_WARN_ABOUT_RETURN_TYPE = YES_ERROR;
				GCC_WARN_UNDECLARED_SELECTOR = YES;
				GCC_WARN_UNINITIALIZED_AUTOS = YES_AGGRESSIVE;
				GCC_WARN_UNUSED_FUNCTION = YES;
				GCC_WARN_UNUSED_VARIABLE = YES;
				IPHONEOS_DEPLOYMENT_TARGET = 12.0;
				MTL_ENABLE_DEBUG_INFO = INCLUDE_SOURCE;
				MTL_FAST_MATH = YES;
				ONLY_ACTIVE_ARCH = YES;
				SDKROOT = iphoneos;
				SWIFT_ACTIVE_COMPILATION_CONDITIONS = DEBUG;
				SWIFT_OPTIMIZATION_LEVEL = "-Onone";
			};
			name = Debug;
		};
		42A3F9AF21673A1D00CBECC1 /* Release */ = {
			isa = XCBuildConfiguration;
			buildSettings = {
				ALWAYS_SEARCH_USER_PATHS = NO;
				CLANG_ANALYZER_NONNULL = YES;
				CLANG_ANALYZER_NUMBER_OBJECT_CONVERSION = YES_AGGRESSIVE;
				CLANG_CXX_LANGUAGE_STANDARD = "gnu++14";
				CLANG_CXX_LIBRARY = "libc++";
				CLANG_ENABLE_MODULES = YES;
				CLANG_ENABLE_OBJC_ARC = YES;
				CLANG_ENABLE_OBJC_WEAK = YES;
				CLANG_WARN_BLOCK_CAPTURE_AUTORELEASING = YES;
				CLANG_WARN_BOOL_CONVERSION = YES;
				CLANG_WARN_COMMA = YES;
				CLANG_WARN_CONSTANT_CONVERSION = YES;
				CLANG_WARN_DEPRECATED_OBJC_IMPLEMENTATIONS = YES;
				CLANG_WARN_DIRECT_OBJC_ISA_USAGE = YES_ERROR;
				CLANG_WARN_DOCUMENTATION_COMMENTS = YES;
				CLANG_WARN_EMPTY_BODY = YES;
				CLANG_WARN_ENUM_CONVERSION = YES;
				CLANG_WARN_INFINITE_RECURSION = YES;
				CLANG_WARN_INT_CONVERSION = YES;
				CLANG_WARN_NON_LITERAL_NULL_CONVERSION = YES;
				CLANG_WARN_OBJC_IMPLICIT_RETAIN_SELF = YES;
				CLANG_WARN_OBJC_LITERAL_CONVERSION = YES;
				CLANG_WARN_OBJC_ROOT_CLASS = YES_ERROR;
				CLANG_WARN_RANGE_LOOP_ANALYSIS = YES;
				CLANG_WARN_STRICT_PROTOTYPES = YES;
				CLANG_WARN_SUSPICIOUS_MOVE = YES;
				CLANG_WARN_UNGUARDED_AVAILABILITY = YES_AGGRESSIVE;
				CLANG_WARN_UNREACHABLE_CODE = YES;
				CLANG_WARN__DUPLICATE_METHOD_MATCH = YES;
				CODE_SIGN_IDENTITY = "iPhone Developer";
				COPY_PHASE_STRIP = NO;
				DEBUG_INFORMATION_FORMAT = "dwarf-with-dsym";
				ENABLE_NS_ASSERTIONS = NO;
				ENABLE_STRICT_OBJC_MSGSEND = YES;
				GCC_C_LANGUAGE_STANDARD = gnu11;
				GCC_NO_COMMON_BLOCKS = YES;
				GCC_WARN_64_TO_32_BIT_CONVERSION = YES;
				GCC_WARN_ABOUT_RETURN_TYPE = YES_ERROR;
				GCC_WARN_UNDECLARED_SELECTOR = YES;
				GCC_WARN_UNINITIALIZED_AUTOS = YES_AGGRESSIVE;
				GCC_WARN_UNUSED_FUNCTION = YES;
				GCC_WARN_UNUSED_VARIABLE = YES;
				IPHONEOS_DEPLOYMENT_TARGET = 12.0;
				MTL_ENABLE_DEBUG_INFO = NO;
				MTL_FAST_MATH = YES;
				SDKROOT = iphoneos;
				SWIFT_COMPILATION_MODE = wholemodule;
				SWIFT_OPTIMIZATION_LEVEL = "-O";
				VALIDATE_PRODUCT = YES;
			};
			name = Release;
		};
		42A3F9B121673A1D00CBECC1 /* Debug */ = {
			isa = XCBuildConfiguration;
			buildSettings = {
				ASSETCATALOG_COMPILER_APPICON_NAME = AppIcon;
				CODE_SIGN_STYLE = Automatic;
				DEVELOPMENT_TEAM = 7G2XZXD8B4;
				INFOPLIST_FILE = ThumbnailNavigationBar/Info.plist;
				LD_RUNPATH_SEARCH_PATHS = (
					"$(inherited)",
					"@executable_path/Frameworks",
				);
				PRODUCT_BUNDLE_IDENTIFIER = com.robinmalhotra.ThumbnailNavigationBar;
				PRODUCT_NAME = "$(TARGET_NAME)";
				SWIFT_VERSION = 4.2;
				TARGETED_DEVICE_FAMILY = "1,2";
			};
			name = Debug;
		};
		42A3F9B221673A1D00CBECC1 /* Release */ = {
			isa = XCBuildConfiguration;
			buildSettings = {
				ASSETCATALOG_COMPILER_APPICON_NAME = AppIcon;
				CODE_SIGN_STYLE = Automatic;
				DEVELOPMENT_TEAM = 7G2XZXD8B4;
				INFOPLIST_FILE = ThumbnailNavigationBar/Info.plist;
				LD_RUNPATH_SEARCH_PATHS = (
					"$(inherited)",
					"@executable_path/Frameworks",
				);
				PRODUCT_BUNDLE_IDENTIFIER = com.robinmalhotra.ThumbnailNavigationBar;
				PRODUCT_NAME = "$(TARGET_NAME)";
				SWIFT_VERSION = 4.2;
				TARGETED_DEVICE_FAMILY = "1,2";
			};
			name = Release;
		};
		42A3F9B421673A1D00CBECC1 /* Debug */ = {
			isa = XCBuildConfiguration;
			buildSettings = {
				ALWAYS_EMBED_SWIFT_STANDARD_LIBRARIES = YES;
				BUNDLE_LOADER = "$(TEST_HOST)";
				CODE_SIGN_STYLE = Automatic;
				DEVELOPMENT_TEAM = 7G2XZXD8B4;
				INFOPLIST_FILE = ThumbnailNavigationBarTests/Info.plist;
				LD_RUNPATH_SEARCH_PATHS = (
					"$(inherited)",
					"@executable_path/Frameworks",
					"@loader_path/Frameworks",
				);
				PRODUCT_BUNDLE_IDENTIFIER = com.robinmalhotra.ThumbnailNavigationBarTests;
				PRODUCT_NAME = "$(TARGET_NAME)";
				SWIFT_VERSION = 4.2;
				TARGETED_DEVICE_FAMILY = "1,2";
				TEST_HOST = "$(BUILT_PRODUCTS_DIR)/ThumbnailNavigationBar.app/ThumbnailNavigationBar";
			};
			name = Debug;
		};
		42A3F9B521673A1D00CBECC1 /* Release */ = {
			isa = XCBuildConfiguration;
			buildSettings = {
				ALWAYS_EMBED_SWIFT_STANDARD_LIBRARIES = YES;
				BUNDLE_LOADER = "$(TEST_HOST)";
				CODE_SIGN_STYLE = Automatic;
				DEVELOPMENT_TEAM = 7G2XZXD8B4;
				INFOPLIST_FILE = ThumbnailNavigationBarTests/Info.plist;
				LD_RUNPATH_SEARCH_PATHS = (
					"$(inherited)",
					"@executable_path/Frameworks",
					"@loader_path/Frameworks",
				);
				PRODUCT_BUNDLE_IDENTIFIER = com.robinmalhotra.ThumbnailNavigationBarTests;
				PRODUCT_NAME = "$(TARGET_NAME)";
				SWIFT_VERSION = 4.2;
				TARGETED_DEVICE_FAMILY = "1,2";
				TEST_HOST = "$(BUILT_PRODUCTS_DIR)/ThumbnailNavigationBar.app/ThumbnailNavigationBar";
			};
			name = Release;
		};
		42A3F9B721673A1D00CBECC1 /* Debug */ = {
			isa = XCBuildConfiguration;
			buildSettings = {
				ALWAYS_EMBED_SWIFT_STANDARD_LIBRARIES = YES;
				CODE_SIGN_STYLE = Automatic;
				DEVELOPMENT_TEAM = 7G2XZXD8B4;
				INFOPLIST_FILE = ThumbnailNavigationBarUITests/Info.plist;
				LD_RUNPATH_SEARCH_PATHS = (
					"$(inherited)",
					"@executable_path/Frameworks",
					"@loader_path/Frameworks",
				);
				PRODUCT_BUNDLE_IDENTIFIER = com.robinmalhotra.ThumbnailNavigationBarUITests;
				PRODUCT_NAME = "$(TARGET_NAME)";
				SWIFT_VERSION = 4.2;
				TARGETED_DEVICE_FAMILY = "1,2";
				TEST_TARGET_NAME = ThumbnailNavigationBar;
			};
			name = Debug;
		};
		42A3F9B821673A1D00CBECC1 /* Release */ = {
			isa = XCBuildConfiguration;
			buildSettings = {
				ALWAYS_EMBED_SWIFT_STANDARD_LIBRARIES = YES;
				CODE_SIGN_STYLE = Automatic;
				DEVELOPMENT_TEAM = 7G2XZXD8B4;
				INFOPLIST_FILE = ThumbnailNavigationBarUITests/Info.plist;
				LD_RUNPATH_SEARCH_PATHS = (
					"$(inherited)",
					"@executable_path/Frameworks",
					"@loader_path/Frameworks",
				);
				PRODUCT_BUNDLE_IDENTIFIER = com.robinmalhotra.ThumbnailNavigationBarUITests;
				PRODUCT_NAME = "$(TARGET_NAME)";
				SWIFT_VERSION = 4.2;
				TARGETED_DEVICE_FAMILY = "1,2";
				TEST_TARGET_NAME = ThumbnailNavigationBar;
			};
			name = Release;
		};
/* End XCBuildConfiguration section */

/* Begin XCConfigurationList section */
		42A3F98321673A1B00CBECC1 /* Build configuration list for PBXProject "ThumbnailNavigationBar" */ = {
			isa = XCConfigurationList;
			buildConfigurations = (
				42A3F9AE21673A1D00CBECC1 /* Debug */,
				42A3F9AF21673A1D00CBECC1 /* Release */,
			);
			defaultConfigurationIsVisible = 0;
			defaultConfigurationName = Release;
		};
		42A3F9B021673A1D00CBECC1 /* Build configuration list for PBXNativeTarget "ThumbnailNavigationBar" */ = {
			isa = XCConfigurationList;
			buildConfigurations = (
				42A3F9B121673A1D00CBECC1 /* Debug */,
				42A3F9B221673A1D00CBECC1 /* Release */,
			);
			defaultConfigurationIsVisible = 0;
			defaultConfigurationName = Release;
		};
		42A3F9B321673A1D00CBECC1 /* Build configuration list for PBXNativeTarget "ThumbnailNavigationBarTests" */ = {
			isa = XCConfigurationList;
			buildConfigurations = (
				42A3F9B421673A1D00CBECC1 /* Debug */,
				42A3F9B521673A1D00CBECC1 /* Release */,
			);
			defaultConfigurationIsVisible = 0;
			defaultConfigurationName = Release;
		};
		42A3F9B621673A1D00CBECC1 /* Build configuration list for PBXNativeTarget "ThumbnailNavigationBarUITests" */ = {
			isa = XCConfigurationList;
			buildConfigurations = (
				42A3F9B721673A1D00CBECC1 /* Debug */,
				42A3F9B821673A1D00CBECC1 /* Release */,
			);
			defaultConfigurationIsVisible = 0;
			defaultConfigurationName = Release;
		};
/* End XCConfigurationList section */
	};
	rootObject = 42A3F98021673A1B00CBECC1 /* Project object */;
}
